
Microsoft Visual Studio Solution File, Format Version 12.00
# Visual Studio Version 17
VisualStudioVersion = 17.0.32126.317
MinimumVisualStudioVersion = 10.0.40219.1
Project("{FAE04EC0-301F-11D3-BF4B-00C04F79EFBC}") = "PoliceNotification", "PoliceNotification\PoliceNotification.csproj", "{0856F084-F1BB-44C4-8DC4-0E1DEA3018FA}"
EndProject
Global
	GlobalSection(SolutionConfigurationPlatforms) = preSolution
		Debug|Any CPU = Debug|Any CPU
		Release|Any CPU = Release|Any CPU
	EndGlobalSection
	GlobalSection(ProjectConfigurationPlatforms) = postSolution
		{0856F084-F1BB-44C4-8DC4-0E1DEA3018FA}.Debug|Any CPU.ActiveCfg = Debug|Any CPU
		{0856F084-F1BB-44C4-8DC4-0E1DEA3018FA}.Debug|Any CPU.Build.0 = Debug|Any CPU
		{0856F084-F1BB-44C4-8DC4-0E1DEA3018FA}.Release|Any CPU.ActiveCfg = Release|Any CPU
		{0856F084-F1BB-44C4-8DC4-0E1DEA3018FA}.Release|Any CPU.Build.0 = Release|Any CPU
	EndGlobalSection
	GlobalSection(SolutionProperties) = preSolution
		HideSolutionNode = FALSE
	EndGlobalSection
	GlobalSection(ExtensibilityGlobals) = postSolution
		SolutionGuid = {9FBFD7E2-C125-4736-A4C2-45B513623FDC}
	EndGlobalSection
EndGlobal
